
Microsoft Visual Studio Solution File, Format Version 12.00
# Visual Studio Version 17
VisualStudioVersion = 17.11.35222.181
MinimumVisualStudioVersion = 10.0.40219.1
Project("{FAE04EC0-301F-11D3-BF4B-00C04F79EFBC}") = "PBO Praktikum_Tugas 2_Abstract Class dan Interface", "PBO Praktikum_Tugas 2_Abstract Class dan Interface\PBO Praktikum_Tugas 2_Abstract Class dan Interface.csproj", "{982FB667-E221-476F-A6AE-ECD8115840DE}"
EndProject
Global
	GlobalSection(SolutionConfigurationPlatforms) = preSolution
		Debug|Any CPU = Debug|Any CPU
		Release|Any CPU = Release|Any CPU
	EndGlobalSection
	GlobalSection(ProjectConfigurationPlatforms) = postSolution
		{982FB667-E221-476F-A6AE-ECD8115840DE}.Debug|Any CPU.ActiveCfg = Debug|Any CPU
		{982FB667-E221-476F-A6AE-ECD8115840DE}.Debug|Any CPU.Build.0 = Debug|Any CPU
		{982FB667-E221-476F-A6AE-ECD8115840DE}.Release|Any CPU.ActiveCfg = Release|Any CPU
		{982FB667-E221-476F-A6AE-ECD8115840DE}.Release|Any CPU.Build.0 = Release|Any CPU
	EndGlobalSection
	GlobalSection(SolutionProperties) = preSolution
		HideSolutionNode = FALSE
	EndGlobalSection
	GlobalSection(ExtensibilityGlobals) = postSolution
		SolutionGuid = {56AB8D01-7604-4641-80BB-3F9A4FAA1BC9}
	EndGlobalSection
EndGlobal
